
Microsoft Visual Studio Solution File, Format Version 12.00
# Visual Studio Version 17
VisualStudioVersion = 17.5.33516.290
MinimumVisualStudioVersion = 10.0.40219.1
Project("{FAE04EC0-301F-11D3-BF4B-00C04F79EFBC}") = "Phone project API", "Phone project API.csproj", "{14C9D740-0252-4E29-B65E-4E06E2C80008}"
EndProject
Global
	GlobalSection(SolutionConfigurationPlatforms) = preSolution
		Debug|Any CPU = Debug|Any CPU
		Release|Any CPU = Release|Any CPU
	EndGlobalSection
	GlobalSection(ProjectConfigurationPlatforms) = postSolution
		{14C9D740-0252-4E29-B65E-4E06E2C80008}.Debug|Any CPU.ActiveCfg = Debug|Any CPU
		{14C9D740-0252-4E29-B65E-4E06E2C80008}.Debug|Any CPU.Build.0 = Debug|Any CPU
		{14C9D740-0252-4E29-B65E-4E06E2C80008}.Release|Any CPU.ActiveCfg = Release|Any CPU
		{14C9D740-0252-4E29-B65E-4E06E2C80008}.Release|Any CPU.Build.0 = Release|Any CPU
	EndGlobalSection
	GlobalSection(SolutionProperties) = preSolution
		HideSolutionNode = FALSE
	EndGlobalSection
	GlobalSection(ExtensibilityGlobals) = postSolution
		SolutionGuid = {5176423F-33AD-49C9-AC94-23729E1C453C}
	EndGlobalSection
EndGlobal
